<?xml version="1.0" encoding="utf-8"?>
<Project ToolsVersion="4.0" xmlns="http://schemas.microsoft.com/developer/msbuild/2003">
  <ItemGroup>
    <Filter Include="src">
      <UniqueIdentifier>{2d18ad74-5cd5-490e-b28f-1bf350f05dc3}</UniqueIdentifier>
    </Filter>
    <Filter Include="src\player">
      <UniqueIdentifier>{315c52b4-ea5b-491d-a55d-7134569c1272}</UniqueIdentifier>
    </Filter>
    <Filter Include="src\room">
      <UniqueIdentifier>{f4563f8f-c0a5-4ba8-b374-aaddfb9f657c}</UniqueIdentifier>
    </Filter>
  </ItemGroup>
  <ItemGroup>
    <ClInclude Include="src\player\player.hpp">
      <Filter>src\player</Filter>
    </ClInclude>
    <ClInclude Include="src\room\room.hpp">
      <Filter>src\room</Filter>
    </ClInclude>
    <ClInclude Include="src\log.hpp">
      <Filter>src</Filter>
    </ClInclude>
  </ItemGroup>
  <ItemGroup>
    <ClCompile Include="src\player\player.cpp">
      <Filter>src\player</Filter>
    </ClCompile>
    <ClCompile Include="src\room\room.cpp">
      <Filter>src\room</Filter>
    </ClCompile>
    <ClCompile Include="src\main.cpp">
      <Filter>src</Filter>
    </ClCompile>
  </ItemGroup>
</Project>